
Microsoft Visual Studio Solution File, Format Version 12.00
# Visual Studio 15
VisualStudioVersion = 15.0.26430.16
MinimumVisualStudioVersion = 10.0.40219.1
Project("{FAE04EC0-301F-11D3-BF4B-00C04F79EFBC}") = "Arena.Common.Settings", "Arena.Common.Settings\Arena.Common.Settings.csproj", "{52482F2C-75E0-4DCD-AB2F-8E04720A2E10}"
EndProject
Global
	GlobalSection(SolutionConfigurationPlatforms) = preSolution
		Debug|Any CPU = Debug|Any CPU
		Release|Any CPU = Release|Any CPU
	EndGlobalSection
	GlobalSection(ProjectConfigurationPlatforms) = postSolution
		{52482F2C-75E0-4DCD-AB2F-8E04720A2E10}.Debug|Any CPU.ActiveCfg = Debug|Any CPU
		{52482F2C-75E0-4DCD-AB2F-8E04720A2E10}.Debug|Any CPU.Build.0 = Debug|Any CPU
		{52482F2C-75E0-4DCD-AB2F-8E04720A2E10}.Release|Any CPU.ActiveCfg = Release|Any CPU
		{52482F2C-75E0-4DCD-AB2F-8E04720A2E10}.Release|Any CPU.Build.0 = Release|Any CPU
	EndGlobalSection
	GlobalSection(SolutionProperties) = preSolution
		HideSolutionNode = FALSE
	EndGlobalSection
EndGlobal
