
Microsoft Visual Studio Solution File, Format Version 12.00
# Visual Studio 14
VisualStudioVersion = 14.0.25420.1
MinimumVisualStudioVersion = 10.0.40219.1
Project("{FAE04EC0-301F-11D3-BF4B-00C04F79EFBC}") = "Common.JSON", "Common.JSON\Common.JSON.csproj", "{EF7B4F31-17B9-40FF-8334-196056BAB2D2}"
EndProject
Project("{FAE04EC0-301F-11D3-BF4B-00C04F79EFBC}") = "UnitTest.Common.JSON", "UnitTest.Common.JSON\UnitTest.Common.JSON.csproj", "{14EBB2E1-A465-441C-B6BE-AD8923B002B6}"
EndProject
Project("{FAE04EC0-301F-11D3-BF4B-00C04F79EFBC}") = "Test_Common_JSON", "Test_Common_JSON\Test_Common_JSON.csproj", "{81EA0B12-B6E8-401C-B768-81CE0C603134}"
EndProject
Global
	GlobalSection(SolutionConfigurationPlatforms) = preSolution
		Debug|Any CPU = Debug|Any CPU
		Release|Any CPU = Release|Any CPU
	EndGlobalSection
	GlobalSection(ProjectConfigurationPlatforms) = postSolution
		{EF7B4F31-17B9-40FF-8334-196056BAB2D2}.Debug|Any CPU.ActiveCfg = Debug|Any CPU
		{EF7B4F31-17B9-40FF-8334-196056BAB2D2}.Debug|Any CPU.Build.0 = Debug|Any CPU
		{EF7B4F31-17B9-40FF-8334-196056BAB2D2}.Release|Any CPU.ActiveCfg = Release|Any CPU
		{EF7B4F31-17B9-40FF-8334-196056BAB2D2}.Release|Any CPU.Build.0 = Release|Any CPU
		{14EBB2E1-A465-441C-B6BE-AD8923B002B6}.Debug|Any CPU.ActiveCfg = Debug|Any CPU
		{14EBB2E1-A465-441C-B6BE-AD8923B002B6}.Debug|Any CPU.Build.0 = Debug|Any CPU
		{14EBB2E1-A465-441C-B6BE-AD8923B002B6}.Release|Any CPU.ActiveCfg = Release|Any CPU
		{14EBB2E1-A465-441C-B6BE-AD8923B002B6}.Release|Any CPU.Build.0 = Release|Any CPU
		{81EA0B12-B6E8-401C-B768-81CE0C603134}.Debug|Any CPU.ActiveCfg = Debug|Any CPU
		{81EA0B12-B6E8-401C-B768-81CE0C603134}.Debug|Any CPU.Build.0 = Debug|Any CPU
		{81EA0B12-B6E8-401C-B768-81CE0C603134}.Release|Any CPU.ActiveCfg = Release|Any CPU
		{81EA0B12-B6E8-401C-B768-81CE0C603134}.Release|Any CPU.Build.0 = Release|Any CPU
	EndGlobalSection
	GlobalSection(SolutionProperties) = preSolution
		HideSolutionNode = FALSE
	EndGlobalSection
EndGlobal
